
Microsoft Visual Studio Solution File, Format Version 12.00
# Visual Studio Version 17
VisualStudioVersion = 17.4.32916.344
MinimumVisualStudioVersion = 10.0.40219.1
Project("{FAE04EC0-301F-11D3-BF4B-00C04F79EFBC}") = "GeometryFigures", "GeometryFigures\GeometryFigures.csproj", "{3A6E00EA-4D71-47B3-956F-C4DEF8C0DAA9}"
EndProject
Project("{FAE04EC0-301F-11D3-BF4B-00C04F79EFBC}") = "GeometryFiguresTests", "GeometryFiguresTests\GeometryFiguresTests.csproj", "{B7C687DC-E0D3-4C8A-847A-78F958E337B8}"
EndProject
Global
	GlobalSection(SolutionConfigurationPlatforms) = preSolution
		Debug|Any CPU = Debug|Any CPU
		Release|Any CPU = Release|Any CPU
	EndGlobalSection
	GlobalSection(ProjectConfigurationPlatforms) = postSolution
		{3A6E00EA-4D71-47B3-956F-C4DEF8C0DAA9}.Debug|Any CPU.ActiveCfg = Debug|Any CPU
		{3A6E00EA-4D71-47B3-956F-C4DEF8C0DAA9}.Debug|Any CPU.Build.0 = Debug|Any CPU
		{3A6E00EA-4D71-47B3-956F-C4DEF8C0DAA9}.Release|Any CPU.ActiveCfg = Release|Any CPU
		{3A6E00EA-4D71-47B3-956F-C4DEF8C0DAA9}.Release|Any CPU.Build.0 = Release|Any CPU
		{B7C687DC-E0D3-4C8A-847A-78F958E337B8}.Debug|Any CPU.ActiveCfg = Debug|Any CPU
		{B7C687DC-E0D3-4C8A-847A-78F958E337B8}.Debug|Any CPU.Build.0 = Debug|Any CPU
		{B7C687DC-E0D3-4C8A-847A-78F958E337B8}.Release|Any CPU.ActiveCfg = Release|Any CPU
		{B7C687DC-E0D3-4C8A-847A-78F958E337B8}.Release|Any CPU.Build.0 = Release|Any CPU
	EndGlobalSection
	GlobalSection(SolutionProperties) = preSolution
		HideSolutionNode = FALSE
	EndGlobalSection
	GlobalSection(ExtensibilityGlobals) = postSolution
		SolutionGuid = {92D83228-2EF4-4960-BAC2-AFCCEEF07A9F}
	EndGlobalSection
EndGlobal
